PODS:
  - SDWebImage (5.11.1):
    - SDWebImage/Core (= 5.11.1)
  - SDWebImage/Core (5.11.1)
  - Toast-Swift (5.0.1)

DEPENDENCIES:
  - SDWebImage (~> 5.0)
  - Toast-Swift (~> 5.0.1)

SPEC REPOS:
  trunk:
    - SDWebImage
    - Toast-Swift

SPEC CHECKSUMS:
  SDWebImage: a7f831e1a65eb5e285e3fb046a23fcfbf08e696d
  Toast-Swift: 9b6a70f28b3bf0b96c40d46c0c4b9d6639846711

PODFILE CHECKSUM: 284659e310e6e9882a428a8678eeae410208161a

COCOAPODS: 1.10.1
