// !$*UTF8*$!
{
	archiveVersion = 1;
	classes = {
	};
	objectVersion = 55;
	objects = {

/* Begin PBXBuildFile section */
		14A5939F28191BF500C3E9E7 /* AppDelegate.swift in Sources */ = {isa = PBXBuildFile; fileRef = 14A5939E28191BF500C3E9E7 /* AppDelegate.swift */; };
		14A593A128191BF500C3E9E7 /* SceneDelegate.swift in Sources */ = {isa = PBXBuildFile; fileRef = 14A593A028191BF500C3E9E7 /* SceneDelegate.swift */; };
		14A593A328191BF500C3E9E7 /* ViewController.swift in Sources */ = {isa = PBXBuildFile; fileRef = 14A593A228191BF500C3E9E7 /* ViewController.swift */; };
		14A593A628191BF500C3E9E7 /* Main.storyboard in Resources */ = {isa = PBXBuildFile; fileRef = 14A593A428191BF500C3E9E7 /* Main.storyboard */; };
		14A593A828191BF800C3E9E7 /* Assets.xcassets in Resources */ = {isa = PBXBuildFile; fileRef = 14A593A728191BF800C3E9E7 /* Assets.xcassets */; };
		14A593AB28191BF800C3E9E7 /* LaunchScreen.storyboard in Resources */ = {isa = PBXBuildFile; fileRef = 14A593A928191BF800C3E9E7 /* LaunchScreen.storyboard */; };
		14A593B32819243200C3E9E7 /* GoogleService-Info.plist in Resources */ = {isa = PBXBuildFile; fileRef = 14A593B22819243100C3E9E7 /* GoogleService-Info.plist */; };
		14A593B528196CCC00C3E9E7 /* ListViewController.swift in Sources */ = {isa = PBXBuildFile; fileRef = 14A593B428196CCC00C3E9E7 /* ListViewController.swift */; };
		1ED1BD616DDFB3548CACF8B1 /* Pods_18Firebase.framework in Frameworks */ = {isa = PBXBuildFile; fileRef = DA57B3FE5FFD3F25461382F4 /* Pods_18Firebase.framework */; };
/* End PBXBuildFile section */

/* Begin PBXFileReference section */
		14A5939B28191BF500C3E9E7 /* 18Firebase.app */ = {isa = PBXFileReference; explicitFileType = wrapper.application; includeInIndex = 0; path = 18Firebase.app; sourceTree = BUILT_PRODUCTS_DIR; };
		14A5939E28191BF500C3E9E7 /* AppDelegate.swift */ = {isa = PBXFileReference; lastKnownFileType = sourcecode.swift; path = AppDelegate.swift; sourceTree = "<group>"; };
		14A593A028191BF500C3E9E7 /* SceneDelegate.swift */ = {isa = PBXFileReference; lastKnownFileType = sourcecode.swift; path = SceneDelegate.swift; sourceTree = "<group>"; };
		14A593A228191BF500C3E9E7 /* ViewController.swift */ = {isa = PBXFileReference; lastKnownFileType = sourcecode.swift; path = ViewController.swift; sourceTree = "<group>"; };
		14A593A528191BF500C3E9E7 /* Base */ = {isa = PBXFileReference; lastKnownFileType = file.storyboard; name = Base; path = Base.lproj/Main.storyboard; sourceTree = "<group>"; };
		14A593A728191BF800C3E9E7 /* Assets.xcassets */ = {isa = PBXFileReference; lastKnownFileType = folder.assetcatalog; path = Assets.xcassets; sourceTree = "<group>"; };
		14A593AA28191BF800C3E9E7 /* Base */ = {isa = PBXFileReference; lastKnownFileType = file.storyboard; name = Base; path = Base.lproj/LaunchScreen.storyboard; sourceTree = "<group>"; };
		14A593AC28191BF800C3E9E7 /* Info.plist */ = {isa = PBXFileReference; lastKnownFileType = text.plist.xml; path = Info.plist; sourceTree = "<group>"; };
		14A593B22819243100C3E9E7 /* GoogleService-Info.plist */ = {isa = PBXFileReference; fileEncoding = 4; lastKnownFileType = text.plist.xml; path = "GoogleService-Info.plist"; sourceTree = "<group>"; };
		14A593B428196CCC00C3E9E7 /* ListViewController.swift */ = {isa = PBXFileReference; lastKnownFileType = sourcecode.swift; path = ListViewController.swift; sourceTree = "<group>"; };
		846D1788894E6A6DAFBD3844 /* Pods-18Firebase.release.xcconfig */ = {isa = PBXFileReference; includeInIndex = 1; lastKnownFileType = text.xcconfig; name = "Pods-18Firebase.release.xcconfig"; path = "Target Support Files/Pods-18Firebase/Pods-18Firebase.release.xcconfig"; sourceTree = "<group>"; };
		9A12E7E15008D1B9A1927120 /* Pods-18Firebase.debug.xcconfig */ = {isa = PBXFileReference; includeInIndex = 1; lastKnownFileType = text.xcconfig; name = "Pods-18Firebase.debug.xcconfig"; path = "Target Support Files/Pods-18Firebase/Pods-18Firebase.debug.xcconfig"; sourceTree = "<group>"; };
		DA57B3FE5FFD3F25461382F4 /* Pods_18Firebase.framework */ = {isa = PBXFileReference; explicitFileType = wrapper.framework; includeInIndex = 0; path = Pods_18Firebase.framework; sourceTree = BUILT_PRODUCTS_DIR; };
/* End PBXFileReference section */

/* Begin PBXFrameworksBuildPhase section */
		14A5939828191BF500C3E9E7 /* Frameworks */ = {
			isa = PBXFrameworksBuildPhase;
			buildActionMask = 2147483647;
			files = (
				1ED1BD616DDFB3548CACF8B1 /* Pods_18Firebase.framework in Frameworks */,
			);
			runOnlyForDeploymentPostprocessing = 0;
		};
/* End PBXFrameworksBuildPhase section */

/* Begin PBXGroup section */
		0833147FB18A00AE36E08285 /* Pods */ = {
			isa = PBXGroup;
			children = (
				9A12E7E15008D1B9A1927120 /* Pods-18Firebase.debug.xcconfig */,
				846D1788894E6A6DAFBD3844 /* Pods-18Firebase.release.xcconfig */,
			);
			path = Pods;
			sourceTree = "<group>";
		};
		14A5939228191BF500C3E9E7 = {
			isa = PBXGroup;
			children = (
				14A5939D28191BF500C3E9E7 /* 18Firebase */,
				14A5939C28191BF500C3E9E7 /* Products */,
				0833147FB18A00AE36E08285 /* Pods */,
				AF0775A55D2942FC1252CA64 /* Frameworks */,
			);
			sourceTree = "<group>";
		};
		14A5939C28191BF500C3E9E7 /* Products */ = {
			isa = PBXGroup;
			children = (
				14A5939B28191BF500C3E9E7 /* 18Firebase.app */,
			);
			name = Products;
			sourceTree = "<group>";
		};
		14A5939D28191BF500C3E9E7 /* 18Firebase */ = {
			isa = PBXGroup;
			children = (
				14A5939E28191BF500C3E9E7 /* AppDelegate.swift */,
				14A593A028191BF500C3E9E7 /* SceneDelegate.swift */,
				14A593A228191BF500C3E9E7 /* ViewController.swift */,
				14A593A428191BF500C3E9E7 /* Main.storyboard */,
				14A593B428196CCC00C3E9E7 /* ListViewController.swift */,
				14A593A728191BF800C3E9E7 /* Assets.xcassets */,
				14A593A928191BF800C3E9E7 /* LaunchScreen.storyboard */,
				14A593AC28191BF800C3E9E7 /* Info.plist */,
				14A593B22819243100C3E9E7 /* GoogleService-Info.plist */,
			);
			path = 18Firebase;
			sourceTree = "<group>";
		};
		AF0775A55D2942FC1252CA64 /* Frameworks */ = {
			isa = PBXGroup;
			children = (
				DA57B3FE5FFD3F25461382F4 /* Pods_18Firebase.framework */,
			);
			name = Frameworks;
			sourceTree = "<group>";
		};
/* End PBXGroup section */

/* Begin PBXNativeTarget section */
		14A5939A28191BF500C3E9E7 /* 18Firebase */ = {
			isa = PBXNativeTarget;
			buildConfigurationList = 14A593AF28191BF800C3E9E7 /* Build configuration list for PBXNativeTarget "18Firebase" */;
			buildPhases = (
				7650A4872D7FA40DEBDA0A15 /* [CP] Check Pods Manifest.lock */,
				14A5939728191BF500C3E9E7 /* Sources */,
				14A5939828191BF500C3E9E7 /* Frameworks */,
				14A5939928191BF500C3E9E7 /* Resources */,
				7D46B75ED45B52E04CC60E1C /* [CP] Embed Pods Frameworks */,
			);
			buildRules = (
			);
			dependencies = (
			);
			name = 18Firebase;
			productName = 18Firebase;
			productReference = 14A5939B28191BF500C3E9E7 /* 18Firebase.app */;
			productType = "com.apple.product-type.application";
		};
/* End PBXNativeTarget section */

/* Begin PBXProject section */
		14A5939328191BF500C3E9E7 /* Project object */ = {
			isa = PBXProject;
			attributes = {
				BuildIndependentTargetsInParallel = 1;
				LastSwiftUpdateCheck = 1330;
				LastUpgradeCheck = 1330;
				TargetAttributes = {
					14A5939A28191BF500C3E9E7 = {
						CreatedOnToolsVersion = 13.3;
					};
				};
			};
			buildConfigurationList = 14A5939628191BF500C3E9E7 /* Build configuration list for PBXProject "18Firebase" */;
			compatibilityVersion = "Xcode 13.0";
			developmentRegion = en;
			hasScannedForEncodings = 0;
			knownRegions = (
				en,
				Base,
			);
			mainGroup = 14A5939228191BF500C3E9E7;
			productRefGroup = 14A5939C28191BF500C3E9E7 /* Products */;
			projectDirPath = "";
			projectRoot = "";
			targets = (
				14A5939A28191BF500C3E9E7 /* 18Firebase */,
			);
		};
/* End PBXProject section */

/* Begin PBXResourcesBuildPhase section */
		14A5939928191BF500C3E9E7 /* Resources */ = {
			isa = PBXResourcesBuildPhase;
			buildActionMask = 2147483647;
			files = (
				14A593AB28191BF800C3E9E7 /* LaunchScreen.storyboard in Resources */,
				14A593B32819243200C3E9E7 /* GoogleService-Info.plist in Resources */,
				14A593A828191BF800C3E9E7 /* Assets.xcassets in Resources */,
				14A593A628191BF500C3E9E7 /* Main.storyboard in Resources */,
			);
			runOnlyForDeploymentPostprocessing = 0;
		};
/* End PBXResourcesBuildPhase section */

/* Begin PBXShellScriptBuildPhase section */
		7650A4872D7FA40DEBDA0A15 /* [CP] Check Pods Manifest.lock */ = {
			isa = PBXShellScriptBuildPhase;
			buildActionMask = 2147483647;
			files = (
			);
			inputFileListPaths = (
			);
			inputPaths = (
				"${PODS_PODFILE_DIR_PATH}/Podfile.lock",
				"${PODS_ROOT}/Manifest.lock",
			);
			name = "[CP] Check Pods Manifest.lock";
			outputFileListPaths = (
			);
			outputPaths = (
				"$(DERIVED_FILE_DIR)/Pods-18Firebase-checkManifestLockResult.txt",
			);
			runOnlyForDeploymentPostprocessing = 0;
			shellPath = /bin/sh;
			shellScript = "diff \"${PODS_PODFILE_DIR_PATH}/Podfile.lock\" \"${PODS_ROOT}/Manifest.lock\" > /dev/null\nif [ $? != 0 ] ; then\n    # print error to STDERR\n    echo \"error: The sandbox is not in sync with the Podfile.lock. Run 'pod install' or update your CocoaPods installation.\" >&2\n    exit 1\nfi\n# This output is used by Xcode 'outputs' to avoid re-running this script phase.\necho \"SUCCESS\" > \"${SCRIPT_OUTPUT_FILE_0}\"\n";
			showEnvVarsInLog = 0;
		};
		7D46B75ED45B52E04CC60E1C /* [CP] Embed Pods Frameworks */ = {
			isa = PBXShellScriptBuildPhase;
			buildActionMask = 2147483647;
			files = (
			);
			inputFileListPaths = (
				"${PODS_ROOT}/Target Support Files/Pods-18Firebase/Pods-18Firebase-frameworks-${CONFIGURATION}-input-files.xcfilelist",
			);
			name = "[CP] Embed Pods Frameworks";
			outputFileListPaths = (
				"${PODS_ROOT}/Target Support Files/Pods-18Firebase/Pods-18Firebase-frameworks-${CONFIGURATION}-output-files.xcfilelist",
			);
			runOnlyForDeploymentPostprocessing = 0;
			shellPath = /bin/sh;
			shellScript = "\"${PODS_ROOT}/Target Support Files/Pods-18Firebase/Pods-18Firebase-frameworks.sh\"\n";
			showEnvVarsInLog = 0;
		};
/* End PBXShellScriptBuildPhase section */

/* Begin PBXSourcesBuildPhase section */
		14A5939728191BF500C3E9E7 /* Sources */ = {
			isa = PBXSourcesBuildPhase;
			buildActionMask = 2147483647;
			files = (
				14A593A328191BF500C3E9E7 /* ViewController.swift in Sources */,
				14A5939F28191BF500C3E9E7 /* AppDelegate.swift in Sources */,
				14A593B528196CCC00C3E9E7 /* ListViewController.swift in Sources */,
				14A593A128191BF500C3E9E7 /* SceneDelegate.swift in Sources */,
			);
			runOnlyForDeploymentPostprocessing = 0;
		};
/* End PBXSourcesBuildPhase section */

/* Begin PBXVariantGroup section */
		14A593A428191BF500C3E9E7 /* Main.storyboard */ = {
			isa = PBXVariantGroup;
			children = (
				14A593A528191BF500C3E9E7 /* Base */,
			);
			name = Main.storyboard;
			sourceTree = "<group>";
		};
		14A593A928191BF800C3E9E7 /* LaunchScreen.storyboard */ = {
			isa = PBXVariantGroup;
			children = (
				14A593AA28191BF800C3E9E7 /* Base */,
			);
			name = LaunchScreen.storyboard;
			sourceTree = "<group>";
		};
/* End PBXVariantGroup section */

/* Begin XCBuildConfiguration section */
		14A593AD28191BF800C3E9E7 /* Debug */ = {
			isa = XCBuildConfiguration;
			buildSettings = {
				ALWAYS_SEARCH_USER_PATHS = NO;
				CLANG_ANALYZER_NONNULL = YES;
				CLANG_ANALYZER_NUMBER_OBJECT_CONVERSION = YES_AGGRESSIVE;
				CLANG_CXX_LANGUAGE_STANDARD = "gnu++17";
				CLANG_ENABLE_MODULES = YES;
				CLANG_ENABLE_OBJC_ARC = YES;
				CLANG_ENABLE_OBJC_WEAK = YES;
				CLANG_WARN_BLOCK_CAPTURE_AUTORELEASING = YES;
				CLANG_WARN_BOOL_CONVERSION = YES;
				CLANG_WARN_COMMA = YES;
				CLANG_WARN_CONSTANT_CONVERSION = YES;
				CLANG_WARN_DEPRECATED_OBJC_IMPLEMENTATIONS = YES;
				CLANG_WARN_DIRECT_OBJC_ISA_USAGE = YES_ERROR;
				CLANG_WARN_DOCUMENTATION_COMMENTS = YES;
				CLANG_WARN_EMPTY_BODY = YES;
				CLANG_WARN_ENUM_CONVERSION = YES;
				CLANG_WARN_INFINITE_RECURSION = YES;
				CLANG_WARN_INT_CONVERSION = YES;
				CLANG_WARN_NON_LITERAL_NULL_CONVERSION = YES;
				CLANG_WARN_OBJC_IMPLICIT_RETAIN_SELF = YES;
				CLANG_WARN_OBJC_LITERAL_CONVERSION = YES;
				CLANG_WARN_OBJC_ROOT_CLASS = YES_ERROR;
				CLANG_WARN_QUOTED_INCLUDE_IN_FRAMEWORK_HEADER = YES;
				CLANG_WARN_RANGE_LOOP_ANALYSIS = YES;
				CLANG_WARN_STRICT_PROTOTYPES = YES;
				CLANG_WARN_SUSPICIOUS_MOVE = YES;
				CLANG_WARN_UNGUARDED_AVAILABILITY = YES_AGGRESSIVE;
				CLANG_WARN_UNREACHABLE_CODE = YES;
				CLANG_WARN__DUPLICATE_METHOD_MATCH = YES;
				COPY_PHASE_STRIP = NO;
				DEBUG_INFORMATION_FORMAT = dwarf;
				ENABLE_STRICT_OBJC_MSGSEND = YES;
				ENABLE_TESTABILITY = YES;
				GCC_C_LANGUAGE_STANDARD = gnu11;
				GCC_DYNAMIC_NO_PIC = NO;
				GCC_NO_COMMON_BLOCKS = YES;
				GCC_OPTIMIZATION_LEVEL = 0;
				GCC_PREPROCESSOR_DEFINITIONS = (
					"DEBUG=1",
					"$(inherited)",
				);
				GCC_WARN_64_TO_32_BIT_CONVERSION = YES;
				GCC_WARN_ABOUT_RETURN_TYPE = YES_ERROR;
				GCC_WARN_UNDECLARED_SELECTOR = YES;
				GCC_WARN_UNINITIALIZED_AUTOS = YES_AGGRESSIVE;
				GCC_WARN_UNUSED_FUNCTION = YES;
				GCC_WARN_UNUSED_VARIABLE = YES;
				IPHONEOS_DEPLOYMENT_TARGET = 15.4;
				MTL_ENABLE_DEBUG_INFO = INCLUDE_SOURCE;
				MTL_FAST_MATH = YES;
				ONLY_ACTIVE_ARCH = YES;
				SDKROOT = iphoneos;
				SWIFT_ACTIVE_COMPILATION_CONDITIONS = DEBUG;
				SWIFT_OPTIMIZATION_LEVEL = "-Onone";
			};
			name = Debug;
		};
		14A593AE28191BF800C3E9E7 /* Release */ = {
			isa = XCBuildConfiguration;
			buildSettings = {
				ALWAYS_SEARCH_USER_PATHS = NO;
				CLANG_ANALYZER_NONNULL = YES;
				CLANG_ANALYZER_NUMBER_OBJECT_CONVERSION = YES_AGGRESSIVE;
				CLANG_CXX_LANGUAGE_STANDARD = "gnu++17";
				CLANG_ENABLE_MODULES = YES;
				CLANG_ENABLE_OBJC_ARC = YES;
				CLANG_ENABLE_OBJC_WEAK = YES;
				CLANG_WARN_BLOCK_CAPTURE_AUTORELEASING = YES;
				CLANG_WARN_BOOL_CONVERSION = YES;
				CLANG_WARN_COMMA = YES;
				CLANG_WARN_CONSTANT_CONVERSION = YES;
				CLANG_WARN_DEPRECATED_OBJC_IMPLEMENTATIONS = YES;
				CLANG_WARN_DIRECT_OBJC_ISA_USAGE = YES_ERROR;
				CLANG_WARN_DOCUMENTATION_COMMENTS = YES;
				CLANG_WARN_EMPTY_BODY = YES;
				CLANG_WARN_ENUM_CONVERSION = YES;
				CLANG_WARN_INFINITE_RECURSION = YES;
				CLANG_WARN_INT_CONVERSION = YES;
				CLANG_WARN_NON_LITERAL_NULL_CONVERSION = YES;
				CLANG_WARN_OBJC_IMPLICIT_RETAIN_SELF = YES;
				CLANG_WARN_OBJC_LITERAL_CONVERSION = YES;
				CLANG_WARN_OBJC_ROOT_CLASS = YES_ERROR;
				CLANG_WARN_QUOTED_INCLUDE_IN_FRAMEWORK_HEADER = YES;
				CLANG_WARN_RANGE_LOOP_ANALYSIS = YES;
				CLANG_WARN_STRICT_PROTOTYPES = YES;
				CLANG_WARN_SUSPICIOUS_MOVE = YES;
				CLANG_WARN_UNGUARDED_AVAILABILITY = YES_AGGRESSIVE;
				CLANG_WARN_UNREACHABLE_CODE = YES;
				CLANG_WARN__DUPLICATE_METHOD_MATCH = YES;
				COPY_PHASE_STRIP = NO;
				DEBUG_INFORMATION_FORMAT = "dwarf-with-dsym";
				ENABLE_NS_ASSERTIONS = NO;
				ENABLE_STRICT_OBJC_MSGSEND = YES;
				GCC_C_LANGUAGE_STANDARD = gnu11;
				GCC_NO_COMMON_BLOCKS = YES;
				GCC_WARN_64_TO_32_BIT_CONVERSION = YES;
				GCC_WARN_ABOUT_RETURN_TYPE = YES_ERROR;
				GCC_WARN_UNDECLARED_SELECTOR = YES;
				GCC_WARN_UNINITIALIZED_AUTOS = YES_AGGRESSIVE;
				GCC_WARN_UNUSED_FUNCTION = YES;
				GCC_WARN_UNUSED_VARIABLE = YES;
				IPHONEOS_DEPLOYMENT_TARGET = 15.4;
				MTL_ENABLE_DEBUG_INFO = NO;
				MTL_FAST_MATH = YES;
				SDKROOT = iphoneos;
				SWIFT_COMPILATION_MODE = wholemodule;
				SWIFT_OPTIMIZATION_LEVEL = "-O";
				VALIDATE_PRODUCT = YES;
			};
			name = Release;
		};
		14A593B028191BF800C3E9E7 /* Debug */ = {
			isa = XCBuildConfiguration;
			baseConfigurationReference = 9A12E7E15008D1B9A1927120 /* Pods-18Firebase.debug.xcconfig */;
			buildSettings = {
				ASSETCATALOG_COMPILER_APPICON_NAME = AppIcon;
				ASSETCATALOG_COMPILER_GLOBAL_ACCENT_COLOR_NAME = AccentColor;
				CODE_SIGN_STYLE = Automatic;
				CURRENT_PROJECT_VERSION = 1;
				DEVELOPMENT_TEAM = P6JA7JX5KG;
				GENERATE_INFOPLIST_FILE = YES;
				INFOPLIST_FILE = 18Firebase/Info.plist;
				INFOPLIST_KEY_UIApplicationSupportsIndirectInputEvents = YES;
				INFOPLIST_KEY_UILaunchStoryboardName = LaunchScreen;
				INFOPLIST_KEY_UIMainStoryboardFile = Main;
				INFOPLIST_KEY_UISupportedInterfaceOrientations_iPad = "UIInterfaceOrientationPortrait UIInterfaceOrientationPortraitUpsideDown UIInterfaceOrientationLandscapeLeft UIInterfaceOrientationLandscapeRight";
				INFOPLIST_KEY_UISupportedInterfaceOrientations_iPhone = "UIInterfaceOrientationPortrait UIInterfaceOrientationLandscapeLeft UIInterfaceOrientationLandscapeRight";
				LD_RUNPATH_SEARCH_PATHS = (
					"$(inherited)",
					"@executable_path/Frameworks",
				);
				MARKETING_VERSION = 1.0;
				PRODUCT_BUNDLE_IDENTIFIER = "com.study.-8Firebase";
				PRODUCT_NAME = "$(TARGET_NAME)";
				SWIFT_EMIT_LOC_STRINGS = YES;
				SWIFT_VERSION = 5.0;
				TARGETED_DEVICE_FAMILY = "1,2";
			};
			name = Debug;
		};
		14A593B128191BF800C3E9E7 /* Release */ = {
			isa = XCBuildConfiguration;
			baseConfigurationReference = 846D1788894E6A6DAFBD3844 /* Pods-18Firebase.release.xcconfig */;
			buildSettings = {
				ASSETCATALOG_COMPILER_APPICON_NAME = AppIcon;
				ASSETCATALOG_COMPILER_GLOBAL_ACCENT_COLOR_NAME = AccentColor;
				CODE_SIGN_STYLE = Automatic;
				CURRENT_PROJECT_VERSION = 1;
				DEVELOPMENT_TEAM = P6JA7JX5KG;
				GENERATE_INFOPLIST_FILE = YES;
				INFOPLIST_FILE = 18Firebase/Info.plist;
				INFOPLIST_KEY_UIApplicationSupportsIndirectInputEvents = YES;
				INFOPLIST_KEY_UILaunchStoryboardName = LaunchScreen;
				INFOPLIST_KEY_UIMainStoryboardFile = Main;
				INFOPLIST_KEY_UISupportedInterfaceOrientations_iPad = "UIInterfaceOrientationPortrait UIInterfaceOrientationPortraitUpsideDown UIInterfaceOrientationLandscapeLeft UIInterfaceOrientationLandscapeRight";
				INFOPLIST_KEY_UISupportedInterfaceOrientations_iPhone = "UIInterfaceOrientationPortrait UIInterfaceOrientationLandscapeLeft UIInterfaceOrientationLandscapeRight";
				LD_RUNPATH_SEARCH_PATHS = (
					"$(inherited)",
					"@executable_path/Frameworks",
				);
				MARKETING_VERSION = 1.0;
				PRODUCT_BUNDLE_IDENTIFIER = "com.study.-8Firebase";
				PRODUCT_NAME = "$(TARGET_NAME)";
				SWIFT_EMIT_LOC_STRINGS = YES;
				SWIFT_VERSION = 5.0;
				TARGETED_DEVICE_FAMILY = "1,2";
			};
			name = Release;
		};
/* End XCBuildConfiguration section */

/* Begin XCConfigurationList section */
		14A5939628191BF500C3E9E7 /* Build configuration list for PBXProject "18Firebase" */ = {
			isa = XCConfigurationList;
			buildConfigurations = (
				14A593AD28191BF800C3E9E7 /* Debug */,
				14A593AE28191BF800C3E9E7 /* Release */,
			);
			defaultConfigurationIsVisible = 0;
			defaultConfigurationName = Release;
		};
		14A593AF28191BF800C3E9E7 /* Build configuration list for PBXNativeTarget "18Firebase" */ = {
			isa = XCConfigurationList;
			buildConfigurations = (
				14A593B028191BF800C3E9E7 /* Debug */,
				14A593B128191BF800C3E9E7 /* Release */,
			);
			defaultConfigurationIsVisible = 0;
			defaultConfigurationName = Release;
		};
/* End XCConfigurationList section */
	};
	rootObject = 14A5939328191BF500C3E9E7 /* Project object */;
}
